
Microsoft Visual Studio Solution File, Format Version 12.00
# Visual Studio Version 16
VisualStudioVersion = 16.0.30309.148
MinimumVisualStudioVersion = 10.0.40219.1
Project("{FAE04EC0-301F-11D3-BF4B-00C04F79EFBC}") = "Monogame 3 - Animations Part 2 Lists", "Monogame 3 - Animations Part 2 Lists.csproj", "{A9FB7D05-C585-4776-A380-A3A5A688032F}"
EndProject
Global
	GlobalSection(SolutionConfigurationPlatforms) = preSolution
		Debug|Any CPU = Debug|Any CPU
		Release|Any CPU = Release|Any CPU
	EndGlobalSection
	GlobalSection(ProjectConfigurationPlatforms) = postSolution
		{A9FB7D05-C585-4776-A380-A3A5A688032F}.Debug|Any CPU.ActiveCfg = Debug|Any CPU
		{A9FB7D05-C585-4776-A380-A3A5A688032F}.Debug|Any CPU.Build.0 = Debug|Any CPU
		{A9FB7D05-C585-4776-A380-A3A5A688032F}.Release|Any CPU.ActiveCfg = Release|Any CPU
		{A9FB7D05-C585-4776-A380-A3A5A688032F}.Release|Any CPU.Build.0 = Release|Any CPU
	EndGlobalSection
	GlobalSection(SolutionProperties) = preSolution
		HideSolutionNode = FALSE
	EndGlobalSection
	GlobalSection(ExtensibilityGlobals) = postSolution
		SolutionGuid = {3868720A-951A-45A8-93E4-60E19B91B004}
	EndGlobalSection
EndGlobal
